
Microsoft Visual Studio Solution File, Format Version 12.00
# Visual Studio Version 16
VisualStudioVersion = 16.0.29411.108
MinimumVisualStudioVersion = 10.0.40219.1
Project("{FAE04EC0-301F-11D3-BF4B-00C04F79EFBC}") = "SunOil", "SunOil\SunOil.csproj", "{B54DEF1B-9BFC-4C51-8E8A-2E36A528D2D0}"
EndProject
Global
	GlobalSection(SolutionConfigurationPlatforms) = preSolution
		Debug|Any CPU = Debug|Any CPU
		Release|Any CPU = Release|Any CPU
	EndGlobalSection
	GlobalSection(ProjectConfigurationPlatforms) = postSolution
		{B54DEF1B-9BFC-4C51-8E8A-2E36A528D2D0}.Debug|Any CPU.ActiveCfg = Debug|Any CPU
		{B54DEF1B-9BFC-4C51-8E8A-2E36A528D2D0}.Debug|Any CPU.Build.0 = Debug|Any CPU
		{B54DEF1B-9BFC-4C51-8E8A-2E36A528D2D0}.Release|Any CPU.ActiveCfg = Release|Any CPU
		{B54DEF1B-9BFC-4C51-8E8A-2E36A528D2D0}.Release|Any CPU.Build.0 = Release|Any CPU
	EndGlobalSection
	GlobalSection(SolutionProperties) = preSolution
		HideSolutionNode = FALSE
	EndGlobalSection
	GlobalSection(ExtensibilityGlobals) = postSolution
		SolutionGuid = {2F1CBD75-47A8-4165-B0C4-A5017540C65D}
	EndGlobalSection
EndGlobal
